
Microsoft Visual Studio Solution File, Format Version 12.00
# Visual Studio Version 17
VisualStudioVersion = 17.4.33122.133
MinimumVisualStudioVersion = 10.0.40219.1
Project("{FAE04EC0-301F-11D3-BF4B-00C04F79EFBC}") = "ConsoleApp4", "ConsoleApp4\ConsoleApp4.csproj", "{BF4816D5-18DF-4E77-931D-FEC98BE3960A}"
EndProject
Global
	GlobalSection(SolutionConfigurationPlatforms) = preSolution
		Debug|Any CPU = Debug|Any CPU
		Release|Any CPU = Release|Any CPU
	EndGlobalSection
	GlobalSection(ProjectConfigurationPlatforms) = postSolution
		{BF4816D5-18DF-4E77-931D-FEC98BE3960A}.Debug|Any CPU.ActiveCfg = Debug|Any CPU
		{BF4816D5-18DF-4E77-931D-FEC98BE3960A}.Debug|Any CPU.Build.0 = Debug|Any CPU
		{BF4816D5-18DF-4E77-931D-FEC98BE3960A}.Release|Any CPU.ActiveCfg = Release|Any CPU
		{BF4816D5-18DF-4E77-931D-FEC98BE3960A}.Release|Any CPU.Build.0 = Release|Any CPU
	EndGlobalSection
	GlobalSection(SolutionProperties) = preSolution
		HideSolutionNode = FALSE
	EndGlobalSection
	GlobalSection(ExtensibilityGlobals) = postSolution
		SolutionGuid = {AC4F967D-7FE3-456C-B3F3-4494F8C5C550}
	EndGlobalSection
EndGlobal
